
Microsoft Visual Studio Solution File, Format Version 12.00
# Visual Studio Version 17
VisualStudioVersion = 17.9.34622.214
MinimumVisualStudioVersion = 10.0.40219.1
Project("{FAE04EC0-301F-11D3-BF4B-00C04F79EFBC}") = "PREFINALS_AUTH_VALDEZ_KATEASHLEY", "PREFINALS_AUTH_VALDEZ_KATEASHLEY\PREFINALS_AUTH_VALDEZ_KATEASHLEY.csproj", "{4335320D-FDA7-4D4D-9E90-D7F81880A3F9}"
EndProject
Project("{FAE04EC0-301F-11D3-BF4B-00C04F79EFBC}") = "ProtectedApi", "ProtectedApi\ProtectedApi.csproj", "{C041E1A8-0EF3-4645-AEAC-61BDDF30AB73}"
EndProject
Project("{FAE04EC0-301F-11D3-BF4B-00C04F79EFBC}") = "AuthServer", "AuthServer\AuthServer.csproj", "{446213BE-57D0-4B1F-B220-6FD305BDB20E}"
EndProject
Global
	GlobalSection(SolutionConfigurationPlatforms) = preSolution
		Debug|Any CPU = Debug|Any CPU
		Release|Any CPU = Release|Any CPU
	EndGlobalSection
	GlobalSection(ProjectConfigurationPlatforms) = postSolution
		{4335320D-FDA7-4D4D-9E90-D7F81880A3F9}.Debug|Any CPU.ActiveCfg = Debug|Any CPU
		{4335320D-FDA7-4D4D-9E90-D7F81880A3F9}.Debug|Any CPU.Build.0 = Debug|Any CPU
		{4335320D-FDA7-4D4D-9E90-D7F81880A3F9}.Release|Any CPU.ActiveCfg = Release|Any CPU
		{4335320D-FDA7-4D4D-9E90-D7F81880A3F9}.Release|Any CPU.Build.0 = Release|Any CPU
		{C041E1A8-0EF3-4645-AEAC-61BDDF30AB73}.Debug|Any CPU.ActiveCfg = Debug|Any CPU
		{C041E1A8-0EF3-4645-AEAC-61BDDF30AB73}.Debug|Any CPU.Build.0 = Debug|Any CPU
		{C041E1A8-0EF3-4645-AEAC-61BDDF30AB73}.Release|Any CPU.ActiveCfg = Release|Any CPU
		{C041E1A8-0EF3-4645-AEAC-61BDDF30AB73}.Release|Any CPU.Build.0 = Release|Any CPU
		{446213BE-57D0-4B1F-B220-6FD305BDB20E}.Debug|Any CPU.ActiveCfg = Debug|Any CPU
		{446213BE-57D0-4B1F-B220-6FD305BDB20E}.Debug|Any CPU.Build.0 = Debug|Any CPU
		{446213BE-57D0-4B1F-B220-6FD305BDB20E}.Release|Any CPU.ActiveCfg = Release|Any CPU
		{446213BE-57D0-4B1F-B220-6FD305BDB20E}.Release|Any CPU.Build.0 = Release|Any CPU
	EndGlobalSection
	GlobalSection(SolutionProperties) = preSolution
		HideSolutionNode = FALSE
	EndGlobalSection
	GlobalSection(ExtensibilityGlobals) = postSolution
		SolutionGuid = {ABB9E5EB-0142-4CD7-9EB4-F26474A74659}
	EndGlobalSection
EndGlobal
